
Microsoft Visual Studio Solution File, Format Version 12.00
# Visual Studio 14
VisualStudioVersion = 14.0.25420.1
MinimumVisualStudioVersion = 10.0.40219.1
Project("{E24C65DC-7377-472B-9ABA-BC803B73C61A}") = "InterpreterLocator", "InterpreterLocator\", "{109B0288-26C2-4287-8ED7-1321E239E2D0}"
	ProjectSection(WebsiteProperties) = preProject
		TargetFrameworkMoniker = ".NETFramework,Version%3Dv4.5"
		ProjectReferences = "{b5c38042-db11-4acf-9055-4188708f148a}|Entities.dll;{2a6a4e49-672b-4acf-b1bc-74cd52a434ca}|Business.dll;{349EC872-8515-46EB-A7AF-37716C4E3E89}|DataAccess.dll;"
		Debug.AspNetCompiler.VirtualPath = "/localhost_49495"
		Debug.AspNetCompiler.PhysicalPath = "InterpreterLocator\"
		Debug.AspNetCompiler.TargetPath = "PrecompiledWeb\localhost_49495\"
		Debug.AspNetCompiler.Updateable = "true"
		Debug.AspNetCompiler.ForceOverwrite = "true"
		Debug.AspNetCompiler.FixedNames = "false"
		Debug.AspNetCompiler.Debug = "True"
		Release.AspNetCompiler.VirtualPath = "/localhost_49495"
		Release.AspNetCompiler.PhysicalPath = "InterpreterLocator\"
		Release.AspNetCompiler.TargetPath = "PrecompiledWeb\localhost_49495\"
		Release.AspNetCompiler.Updateable = "true"
		Release.AspNetCompiler.ForceOverwrite = "true"
		Release.AspNetCompiler.FixedNames = "false"
		Release.AspNetCompiler.Debug = "False"
		VWDPort = "49495"
		SlnRelativePath = "InterpreterLocator\"
		DefaultWebSiteLanguage = "Visual C#"
	EndProjectSection
EndProject
Project("{FAE04EC0-301F-11D3-BF4B-00C04F79EFBC}") = "Entities", "Entities\Entities.csproj", "{B5C38042-DB11-4ACF-9055-4188708F148A}"
EndProject
Project("{FAE04EC0-301F-11D3-BF4B-00C04F79EFBC}") = "Controller", "Business\Controller.csproj", "{2A6A4E49-672B-4ACF-B1BC-74CD52A434CA}"
EndProject
Project("{FAE04EC0-301F-11D3-BF4B-00C04F79EFBC}") = "DataAccess", "DataAccess\DataAccess.csproj", "{349EC872-8515-46EB-A7AF-37716C4E3E89}"
EndProject
Global
	GlobalSection(SolutionConfigurationPlatforms) = preSolution
		Debug|Any CPU = Debug|Any CPU
		Release|Any CPU = Release|Any CPU
	EndGlobalSection
	GlobalSection(ProjectConfigurationPlatforms) = postSolution
		{109B0288-26C2-4287-8ED7-1321E239E2D0}.Debug|Any CPU.ActiveCfg = Debug|Any CPU
		{109B0288-26C2-4287-8ED7-1321E239E2D0}.Debug|Any CPU.Build.0 = Debug|Any CPU
		{109B0288-26C2-4287-8ED7-1321E239E2D0}.Release|Any CPU.ActiveCfg = Debug|Any CPU
		{109B0288-26C2-4287-8ED7-1321E239E2D0}.Release|Any CPU.Build.0 = Debug|Any CPU
		{B5C38042-DB11-4ACF-9055-4188708F148A}.Debug|Any CPU.ActiveCfg = Debug|Any CPU
		{B5C38042-DB11-4ACF-9055-4188708F148A}.Debug|Any CPU.Build.0 = Debug|Any CPU
		{B5C38042-DB11-4ACF-9055-4188708F148A}.Release|Any CPU.ActiveCfg = Release|Any CPU
		{B5C38042-DB11-4ACF-9055-4188708F148A}.Release|Any CPU.Build.0 = Release|Any CPU
		{2A6A4E49-672B-4ACF-B1BC-74CD52A434CA}.Debug|Any CPU.ActiveCfg = Debug|Any CPU
		{2A6A4E49-672B-4ACF-B1BC-74CD52A434CA}.Debug|Any CPU.Build.0 = Debug|Any CPU
		{2A6A4E49-672B-4ACF-B1BC-74CD52A434CA}.Release|Any CPU.ActiveCfg = Release|Any CPU
		{2A6A4E49-672B-4ACF-B1BC-74CD52A434CA}.Release|Any CPU.Build.0 = Release|Any CPU
		{349EC872-8515-46EB-A7AF-37716C4E3E89}.Debug|Any CPU.ActiveCfg = Debug|Any CPU
		{349EC872-8515-46EB-A7AF-37716C4E3E89}.Debug|Any CPU.Build.0 = Debug|Any CPU
		{349EC872-8515-46EB-A7AF-37716C4E3E89}.Release|Any CPU.ActiveCfg = Release|Any CPU
		{349EC872-8515-46EB-A7AF-37716C4E3E89}.Release|Any CPU.Build.0 = Release|Any CPU
	EndGlobalSection
	GlobalSection(SolutionProperties) = preSolution
		HideSolutionNode = FALSE
	EndGlobalSection
EndGlobal
